
Microsoft Visual Studio Solution File, Format Version 12.00
# Visual Studio Version 16
VisualStudioVersion = 16.0.32002.261
MinimumVisualStudioVersion = 10.0.40219.1
Project("{FAE04EC0-301F-11D3-BF4B-00C04F79EFBC}") = "Exam-Practicing-Vol1", "Exam-Practicing-Vol1\Exam-Practicing-Vol1.csproj", "{4481C56A-A5E6-41F6-9197-B46B4D509DE2}"
EndProject
Global
	GlobalSection(SolutionConfigurationPlatforms) = preSolution
		Debug|Any CPU = Debug|Any CPU
		Release|Any CPU = Release|Any CPU
	EndGlobalSection
	GlobalSection(ProjectConfigurationPlatforms) = postSolution
		{4481C56A-A5E6-41F6-9197-B46B4D509DE2}.Debug|Any CPU.ActiveCfg = Debug|Any CPU
		{4481C56A-A5E6-41F6-9197-B46B4D509DE2}.Debug|Any CPU.Build.0 = Debug|Any CPU
		{4481C56A-A5E6-41F6-9197-B46B4D509DE2}.Release|Any CPU.ActiveCfg = Release|Any CPU
		{4481C56A-A5E6-41F6-9197-B46B4D509DE2}.Release|Any CPU.Build.0 = Release|Any CPU
	EndGlobalSection
	GlobalSection(SolutionProperties) = preSolution
		HideSolutionNode = FALSE
	EndGlobalSection
	GlobalSection(ExtensibilityGlobals) = postSolution
		SolutionGuid = {F16F68D4-F4A9-4A59-81F9-1C7F6A014B28}
	EndGlobalSection
EndGlobal
